
Microsoft Visual Studio Solution File, Format Version 12.00
# Visual Studio 15
VisualStudioVersion = 15.0.28010.2041
MinimumVisualStudioVersion = 10.0.40219.1
Project("{2150E333-8FDC-42A3-9474-1A3956D46DE8}") = "Database libraries", "Database libraries", "{9B0E5743-FA64-4CE3-9AC1-BD76F11A6AC1}"
EndProject
Project("{F184B08F-C81C-45F6-A57F-5ABD9991F28F}") = "SqlServerDuplicates", "SqlServerDuplicates\SqlServerDuplicates.vbproj", "{F62F5071-EB0F-4B0B-92FD-CDCBBB0A4316}"
EndProject
Project("{2150E333-8FDC-42A3-9474-1A3956D46DE8}") = "Presentation projects", "Presentation projects", "{C1605F09-8477-4BFF-9B74-F53749676DC1}"
EndProject
Project("{F184B08F-C81C-45F6-A57F-5ABD9991F28F}") = "SqlServerDuplicationsFrontEnd", "SqlServerDuplicationsFrontEnd\SqlServerDuplicationsFrontEnd.vbproj", "{C75AC9D0-4102-4A3E-8243-F2687141C262}"
EndProject
Project("{2150E333-8FDC-42A3-9474-1A3956D46DE8}") = "Team projects", "Team projects", "{C9E06B0B-86D0-4505-A3F0-04474E68D4DA}"
EndProject
Project("{F184B08F-C81C-45F6-A57F-5ABD9991F28F}") = "WinFormsLanguageExtensions", "WinFormsLanguageExtensions\WinFormsLanguageExtensions.vbproj", "{1AD1B690-B7BA-457E-9427-C3ACEB5DECBE}"
EndProject
Project("{F184B08F-C81C-45F6-A57F-5ABD9991F28F}") = "SqlServerHelpers", "SqlServerHelpers\SqlServerHelpers.vbproj", "{3946D611-ACE8-4FD3-8987-CCD693578AA2}"
EndProject
Project("{2150E333-8FDC-42A3-9474-1A3956D46DE8}") = "Solution Items", "Solution Items", "{8F3634C7-D165-4E82-8A04-CDCC341394D5}"
	ProjectSection(SolutionItems) = preProject
		DataScript.sql = DataScript.sql
		readme.md = readme.md
	EndProjectSection
EndProject
Project("{2150E333-8FDC-42A3-9474-1A3956D46DE8}") = "Mocked data libraries", "Mocked data libraries", "{3978CFC9-9EEA-420F-BE12-D8B05C2B8A14}"
EndProject
Project("{F184B08F-C81C-45F6-A57F-5ABD9991F28F}") = "VehicleLibrary", "VehicleLibrary\VehicleLibrary.vbproj", "{1221FBAC-1793-4C43-B36A-AB897CE44AFF}"
EndProject
Project("{F184B08F-C81C-45F6-A57F-5ABD9991F28F}") = "VehicleConsoleExamples", "VehicleConsoleExamples\VehicleConsoleExamples.vbproj", "{A84280FC-5C98-478C-A382-8A88D1B5ABE7}"
EndProject
Project("{F184B08F-C81C-45F6-A57F-5ABD9991F28F}") = "CategoryProductEntitiesLibrary", "CategoryProductEntitiesLibrary\CategoryProductEntitiesLibrary.vbproj", "{3A1A6BC5-F6A1-4ECF-837A-19E720970F6D}"
EndProject
Project("{F184B08F-C81C-45F6-A57F-5ABD9991F28F}") = "CategoryProductEntitiesFrontEnd", "CategoryProductEntitiesFrontEnd\CategoryProductEntitiesFrontEnd.vbproj", "{39050841-910D-400B-AACE-35D5D61A2CE5}"
EndProject
Project("{F184B08F-C81C-45F6-A57F-5ABD9991F28F}") = "DataTableMockedLibrary", "DataTableMockedLibrary\DataTableMockedLibrary.vbproj", "{E6ED8100-9309-44B3-988D-20B1F9929063}"
EndProject
Project("{F184B08F-C81C-45F6-A57F-5ABD9991F28F}") = "TaxGroupSumConsoleExamples", "TaxGroupSumConsoleExamples\TaxGroupSumConsoleExamples.vbproj", "{18B25458-69FA-4C63-B981-539AE4C15BBA}"
EndProject
Project("{F184B08F-C81C-45F6-A57F-5ABD9991F28F}") = "PeopleGroupByMultipleProperties", "PeopleGroupByMultipleProperties\PeopleGroupByMultipleProperties.vbproj", "{286E0E94-F0E3-44FB-8C38-A939E7219D48}"
EndProject
Project("{F184B08F-C81C-45F6-A57F-5ABD9991F28F}") = "PersonLibrary", "PersonLibrary\PersonLibrary.vbproj", "{8CC2B0BD-79E7-42DC-8B8E-97B7F5D2A17F}"
EndProject
Project("{F184B08F-C81C-45F6-A57F-5ABD9991F28F}") = "EmployeeGroupingSingleProperty", "EmployeeGroupingSingleProperty\EmployeeGroupingSingleProperty.vbproj", "{CF6C5FC6-46C6-4D4B-B570-308743450505}"
EndProject
Project("{F184B08F-C81C-45F6-A57F-5ABD9991F28F}") = "StudentGrouping", "StudentGrouping\StudentGrouping.vbproj", "{88EF02C5-3AEA-4ECE-A8A2-F1761679107D}"
EndProject
Project("{F184B08F-C81C-45F6-A57F-5ABD9991F28F}") = "TemperaturesGroupMinMaxAverage", "TemperaturesGroupMinMaxAverage\TemperaturesGroupMinMaxAverage.vbproj", "{CA43CFE6-91C4-4866-8FCF-C6B652A322AF}"
EndProject
Project("{F184B08F-C81C-45F6-A57F-5ABD9991F28F}") = "DuplicatesStringsGroupBy", "DuplicatesStringsGroupBy\DuplicatesStringsGroupBy.vbproj", "{8D944B9D-0A0B-4277-8F76-D225DFED8B5B}"
EndProject
Project("{F184B08F-C81C-45F6-A57F-5ABD9991F28F}") = "DuplicatesIEqualityComparerProducts", "DuplicatesIEqualityComparerProducts\DuplicatesIEqualityComparerProducts.vbproj", "{0E560328-D530-4C04-B012-A7B6C9E6C13F}"
EndProject
Global
	GlobalSection(SolutionConfigurationPlatforms) = preSolution
		Debug|Any CPU = Debug|Any CPU
		Release|Any CPU = Release|Any CPU
	EndGlobalSection
	GlobalSection(ProjectConfigurationPlatforms) = postSolution
		{F62F5071-EB0F-4B0B-92FD-CDCBBB0A4316}.Debug|Any CPU.ActiveCfg = Debug|Any CPU
		{F62F5071-EB0F-4B0B-92FD-CDCBBB0A4316}.Debug|Any CPU.Build.0 = Debug|Any CPU
		{F62F5071-EB0F-4B0B-92FD-CDCBBB0A4316}.Release|Any CPU.ActiveCfg = Release|Any CPU
		{F62F5071-EB0F-4B0B-92FD-CDCBBB0A4316}.Release|Any CPU.Build.0 = Release|Any CPU
		{C75AC9D0-4102-4A3E-8243-F2687141C262}.Debug|Any CPU.ActiveCfg = Debug|Any CPU
		{C75AC9D0-4102-4A3E-8243-F2687141C262}.Debug|Any CPU.Build.0 = Debug|Any CPU
		{C75AC9D0-4102-4A3E-8243-F2687141C262}.Release|Any CPU.ActiveCfg = Release|Any CPU
		{C75AC9D0-4102-4A3E-8243-F2687141C262}.Release|Any CPU.Build.0 = Release|Any CPU
		{1AD1B690-B7BA-457E-9427-C3ACEB5DECBE}.Debug|Any CPU.ActiveCfg = Debug|Any CPU
		{1AD1B690-B7BA-457E-9427-C3ACEB5DECBE}.Debug|Any CPU.Build.0 = Debug|Any CPU
		{1AD1B690-B7BA-457E-9427-C3ACEB5DECBE}.Release|Any CPU.ActiveCfg = Release|Any CPU
		{1AD1B690-B7BA-457E-9427-C3ACEB5DECBE}.Release|Any CPU.Build.0 = Release|Any CPU
		{3946D611-ACE8-4FD3-8987-CCD693578AA2}.Debug|Any CPU.ActiveCfg = Debug|Any CPU
		{3946D611-ACE8-4FD3-8987-CCD693578AA2}.Debug|Any CPU.Build.0 = Debug|Any CPU
		{3946D611-ACE8-4FD3-8987-CCD693578AA2}.Release|Any CPU.ActiveCfg = Release|Any CPU
		{3946D611-ACE8-4FD3-8987-CCD693578AA2}.Release|Any CPU.Build.0 = Release|Any CPU
		{1221FBAC-1793-4C43-B36A-AB897CE44AFF}.Debug|Any CPU.ActiveCfg = Debug|Any CPU
		{1221FBAC-1793-4C43-B36A-AB897CE44AFF}.Debug|Any CPU.Build.0 = Debug|Any CPU
		{1221FBAC-1793-4C43-B36A-AB897CE44AFF}.Release|Any CPU.ActiveCfg = Release|Any CPU
		{1221FBAC-1793-4C43-B36A-AB897CE44AFF}.Release|Any CPU.Build.0 = Release|Any CPU
		{A84280FC-5C98-478C-A382-8A88D1B5ABE7}.Debug|Any CPU.ActiveCfg = Debug|Any CPU
		{A84280FC-5C98-478C-A382-8A88D1B5ABE7}.Debug|Any CPU.Build.0 = Debug|Any CPU
		{A84280FC-5C98-478C-A382-8A88D1B5ABE7}.Release|Any CPU.ActiveCfg = Release|Any CPU
		{A84280FC-5C98-478C-A382-8A88D1B5ABE7}.Release|Any CPU.Build.0 = Release|Any CPU
		{3A1A6BC5-F6A1-4ECF-837A-19E720970F6D}.Debug|Any CPU.ActiveCfg = Debug|Any CPU
		{3A1A6BC5-F6A1-4ECF-837A-19E720970F6D}.Debug|Any CPU.Build.0 = Debug|Any CPU
		{3A1A6BC5-F6A1-4ECF-837A-19E720970F6D}.Release|Any CPU.ActiveCfg = Release|Any CPU
		{3A1A6BC5-F6A1-4ECF-837A-19E720970F6D}.Release|Any CPU.Build.0 = Release|Any CPU
		{39050841-910D-400B-AACE-35D5D61A2CE5}.Debug|Any CPU.ActiveCfg = Debug|Any CPU
		{39050841-910D-400B-AACE-35D5D61A2CE5}.Debug|Any CPU.Build.0 = Debug|Any CPU
		{39050841-910D-400B-AACE-35D5D61A2CE5}.Release|Any CPU.ActiveCfg = Release|Any CPU
		{39050841-910D-400B-AACE-35D5D61A2CE5}.Release|Any CPU.Build.0 = Release|Any CPU
		{E6ED8100-9309-44B3-988D-20B1F9929063}.Debug|Any CPU.ActiveCfg = Debug|Any CPU
		{E6ED8100-9309-44B3-988D-20B1F9929063}.Debug|Any CPU.Build.0 = Debug|Any CPU
		{E6ED8100-9309-44B3-988D-20B1F9929063}.Release|Any CPU.ActiveCfg = Release|Any CPU
		{E6ED8100-9309-44B3-988D-20B1F9929063}.Release|Any CPU.Build.0 = Release|Any CPU
		{18B25458-69FA-4C63-B981-539AE4C15BBA}.Debug|Any CPU.ActiveCfg = Debug|Any CPU
		{18B25458-69FA-4C63-B981-539AE4C15BBA}.Debug|Any CPU.Build.0 = Debug|Any CPU
		{18B25458-69FA-4C63-B981-539AE4C15BBA}.Release|Any CPU.ActiveCfg = Release|Any CPU
		{18B25458-69FA-4C63-B981-539AE4C15BBA}.Release|Any CPU.Build.0 = Release|Any CPU
		{286E0E94-F0E3-44FB-8C38-A939E7219D48}.Debug|Any CPU.ActiveCfg = Debug|Any CPU
		{286E0E94-F0E3-44FB-8C38-A939E7219D48}.Debug|Any CPU.Build.0 = Debug|Any CPU
		{286E0E94-F0E3-44FB-8C38-A939E7219D48}.Release|Any CPU.ActiveCfg = Release|Any CPU
		{286E0E94-F0E3-44FB-8C38-A939E7219D48}.Release|Any CPU.Build.0 = Release|Any CPU
		{8CC2B0BD-79E7-42DC-8B8E-97B7F5D2A17F}.Debug|Any CPU.ActiveCfg = Debug|Any CPU
		{8CC2B0BD-79E7-42DC-8B8E-97B7F5D2A17F}.Debug|Any CPU.Build.0 = Debug|Any CPU
		{8CC2B0BD-79E7-42DC-8B8E-97B7F5D2A17F}.Release|Any CPU.ActiveCfg = Release|Any CPU
		{8CC2B0BD-79E7-42DC-8B8E-97B7F5D2A17F}.Release|Any CPU.Build.0 = Release|Any CPU
		{CF6C5FC6-46C6-4D4B-B570-308743450505}.Debug|Any CPU.ActiveCfg = Debug|Any CPU
		{CF6C5FC6-46C6-4D4B-B570-308743450505}.Debug|Any CPU.Build.0 = Debug|Any CPU
		{CF6C5FC6-46C6-4D4B-B570-308743450505}.Release|Any CPU.ActiveCfg = Release|Any CPU
		{CF6C5FC6-46C6-4D4B-B570-308743450505}.Release|Any CPU.Build.0 = Release|Any CPU
		{88EF02C5-3AEA-4ECE-A8A2-F1761679107D}.Debug|Any CPU.ActiveCfg = Debug|Any CPU
		{88EF02C5-3AEA-4ECE-A8A2-F1761679107D}.Debug|Any CPU.Build.0 = Debug|Any CPU
		{88EF02C5-3AEA-4ECE-A8A2-F1761679107D}.Release|Any CPU.ActiveCfg = Release|Any CPU
		{88EF02C5-3AEA-4ECE-A8A2-F1761679107D}.Release|Any CPU.Build.0 = Release|Any CPU
		{CA43CFE6-91C4-4866-8FCF-C6B652A322AF}.Debug|Any CPU.ActiveCfg = Debug|Any CPU
		{CA43CFE6-91C4-4866-8FCF-C6B652A322AF}.Debug|Any CPU.Build.0 = Debug|Any CPU
		{CA43CFE6-91C4-4866-8FCF-C6B652A322AF}.Release|Any CPU.ActiveCfg = Release|Any CPU
		{CA43CFE6-91C4-4866-8FCF-C6B652A322AF}.Release|Any CPU.Build.0 = Release|Any CPU
		{8D944B9D-0A0B-4277-8F76-D225DFED8B5B}.Debug|Any CPU.ActiveCfg = Debug|Any CPU
		{8D944B9D-0A0B-4277-8F76-D225DFED8B5B}.Debug|Any CPU.Build.0 = Debug|Any CPU
		{8D944B9D-0A0B-4277-8F76-D225DFED8B5B}.Release|Any CPU.ActiveCfg = Release|Any CPU
		{8D944B9D-0A0B-4277-8F76-D225DFED8B5B}.Release|Any CPU.Build.0 = Release|Any CPU
		{0E560328-D530-4C04-B012-A7B6C9E6C13F}.Debug|Any CPU.ActiveCfg = Debug|Any CPU
		{0E560328-D530-4C04-B012-A7B6C9E6C13F}.Debug|Any CPU.Build.0 = Debug|Any CPU
		{0E560328-D530-4C04-B012-A7B6C9E6C13F}.Release|Any CPU.ActiveCfg = Release|Any CPU
		{0E560328-D530-4C04-B012-A7B6C9E6C13F}.Release|Any CPU.Build.0 = Release|Any CPU
	EndGlobalSection
	GlobalSection(SolutionProperties) = preSolution
		HideSolutionNode = FALSE
	EndGlobalSection
	GlobalSection(NestedProjects) = preSolution
		{F62F5071-EB0F-4B0B-92FD-CDCBBB0A4316} = {9B0E5743-FA64-4CE3-9AC1-BD76F11A6AC1}
		{C75AC9D0-4102-4A3E-8243-F2687141C262} = {C1605F09-8477-4BFF-9B74-F53749676DC1}
		{1AD1B690-B7BA-457E-9427-C3ACEB5DECBE} = {C9E06B0B-86D0-4505-A3F0-04474E68D4DA}
		{3946D611-ACE8-4FD3-8987-CCD693578AA2} = {9B0E5743-FA64-4CE3-9AC1-BD76F11A6AC1}
		{1221FBAC-1793-4C43-B36A-AB897CE44AFF} = {3978CFC9-9EEA-420F-BE12-D8B05C2B8A14}
		{A84280FC-5C98-478C-A382-8A88D1B5ABE7} = {C1605F09-8477-4BFF-9B74-F53749676DC1}
		{3A1A6BC5-F6A1-4ECF-837A-19E720970F6D} = {9B0E5743-FA64-4CE3-9AC1-BD76F11A6AC1}
		{39050841-910D-400B-AACE-35D5D61A2CE5} = {C1605F09-8477-4BFF-9B74-F53749676DC1}
		{E6ED8100-9309-44B3-988D-20B1F9929063} = {3978CFC9-9EEA-420F-BE12-D8B05C2B8A14}
		{18B25458-69FA-4C63-B981-539AE4C15BBA} = {C1605F09-8477-4BFF-9B74-F53749676DC1}
		{286E0E94-F0E3-44FB-8C38-A939E7219D48} = {C1605F09-8477-4BFF-9B74-F53749676DC1}
		{8CC2B0BD-79E7-42DC-8B8E-97B7F5D2A17F} = {3978CFC9-9EEA-420F-BE12-D8B05C2B8A14}
		{CF6C5FC6-46C6-4D4B-B570-308743450505} = {C1605F09-8477-4BFF-9B74-F53749676DC1}
		{88EF02C5-3AEA-4ECE-A8A2-F1761679107D} = {C1605F09-8477-4BFF-9B74-F53749676DC1}
		{CA43CFE6-91C4-4866-8FCF-C6B652A322AF} = {C1605F09-8477-4BFF-9B74-F53749676DC1}
		{8D944B9D-0A0B-4277-8F76-D225DFED8B5B} = {C1605F09-8477-4BFF-9B74-F53749676DC1}
		{0E560328-D530-4C04-B012-A7B6C9E6C13F} = {C1605F09-8477-4BFF-9B74-F53749676DC1}
	EndGlobalSection
	GlobalSection(ExtensibilityGlobals) = postSolution
		SolutionGuid = {A5674FB5-E9EA-40F8-93D4-5800A9AFC07A}
	EndGlobalSection
EndGlobal
